// !$*UTF8*$!
{
	archiveVersion = 1;
	classes = {
	};
	objectVersion = 51;
	objects = {

/* Begin PBXBuildFile section */
		C8562E0324F0BDC2008443B5 /* EditView.swift in Sources */ = {isa = PBXBuildFile; fileRef = C8562E0224F0BDC2008443B5 /* EditView.swift */; };
		C8562E0524F0BDDD008443B5 /* AddView.swift in Sources */ = {isa = PBXBuildFile; fileRef = C8562E0424F0BDDD008443B5 /* AddView.swift */; };
		C8562E0724F0BDFA008443B5 /* SavingView.swift in Sources */ = {isa = PBXBuildFile; fileRef = C8562E0624F0BDFA008443B5 /* SavingView.swift */; };
		C8562E0924F0BE15008443B5 /* SpendingView.swift in Sources */ = {isa = PBXBuildFile; fileRef = C8562E0824F0BE15008443B5 /* SpendingView.swift */; };
		C85B3CD4258C2733000D8B6A /* CategoryViewModel.swift in Sources */ = {isa = PBXBuildFile; fileRef = C85B3CD3258C2733000D8B6A /* CategoryViewModel.swift */; };
		C85B3CDE258C3202000D8B6A /* CategoryDB.swift in Sources */ = {isa = PBXBuildFile; fileRef = C85B3CDD258C3202000D8B6A /* CategoryDB.swift */; };
		C85B3CE1258C33D6000D8B6A /* CategoryForm.swift in Sources */ = {isa = PBXBuildFile; fileRef = C85B3CE0258C33D6000D8B6A /* CategoryForm.swift */; };
		C85B3CE4258C3DE8000D8B6A /* CategoryList.swift in Sources */ = {isa = PBXBuildFile; fileRef = C85B3CE3258C3DE8000D8B6A /* CategoryList.swift */; };
		C85B3CE8258C5564000D8B6A /* AddCategory.swift in Sources */ = {isa = PBXBuildFile; fileRef = C85B3CE7258C5564000D8B6A /* AddCategory.swift */; };
		C85BB9F524EF5D24000DD312 /* AppDelegate.swift in Sources */ = {isa = PBXBuildFile; fileRef = C85BB9F424EF5D24000DD312 /* AppDelegate.swift */; };
		C85BB9F724EF5D24000DD312 /* SceneDelegate.swift in Sources */ = {isa = PBXBuildFile; fileRef = C85BB9F624EF5D24000DD312 /* SceneDelegate.swift */; };
		C85BB9FB24EF5D26000DD312 /* Assets.xcassets in Resources */ = {isa = PBXBuildFile; fileRef = C85BB9FA24EF5D26000DD312 /* Assets.xcassets */; };
		C85BB9FE24EF5D26000DD312 /* Preview Assets.xcassets in Resources */ = {isa = PBXBuildFile; fileRef = C85BB9FD24EF5D26000DD312 /* Preview Assets.xcassets */; };
		C85BBA0124EF5D26000DD312 /* LaunchScreen.storyboard in Resources */ = {isa = PBXBuildFile; fileRef = C85BB9FF24EF5D26000DD312 /* LaunchScreen.storyboard */; };
		C85BBA0C24EF5D86000DD312 /* MainUI.swift in Sources */ = {isa = PBXBuildFile; fileRef = C85BBA0824EF5D86000DD312 /* MainUI.swift */; };
		C85BBA0D24EF5D86000DD312 /* SignupView.swift in Sources */ = {isa = PBXBuildFile; fileRef = C85BBA0924EF5D86000DD312 /* SignupView.swift */; };
		C85BBA0E24EF5D86000DD312 /* WelcomeUI.swift in Sources */ = {isa = PBXBuildFile; fileRef = C85BBA0A24EF5D86000DD312 /* WelcomeUI.swift */; };
		C85BBA0F24EF5D86000DD312 /* LoginView.swift in Sources */ = {isa = PBXBuildFile; fileRef = C85BBA0B24EF5D86000DD312 /* LoginView.swift */; };
		C85BBA1424EF5D93000DD312 /* Bill.swift in Sources */ = {isa = PBXBuildFile; fileRef = C85BBA1024EF5D93000DD312 /* Bill.swift */; };
		C85BBA1524EF5D93000DD312 /* Frequency.swift in Sources */ = {isa = PBXBuildFile; fileRef = C85BBA1124EF5D93000DD312 /* Frequency.swift */; };
		C85BBA1624EF5D93000DD312 /* Category.swift in Sources */ = {isa = PBXBuildFile; fileRef = C85BBA1224EF5D93000DD312 /* Category.swift */; };
		C85BBA1724EF5D93000DD312 /* Entry.swift in Sources */ = {isa = PBXBuildFile; fileRef = C85BBA1324EF5D93000DD312 /* Entry.swift */; };
		C85BBA1924EF5EB0000DD312 /* GoogleService-Info.plist in Resources */ = {isa = PBXBuildFile; fileRef = C85BBA1824EF5EB0000DD312 /* GoogleService-Info.plist */; };
		C85D5B7924F1DCFF008F169A /* SettingsView.swift in Sources */ = {isa = PBXBuildFile; fileRef = C85D5B7824F1DCFF008F169A /* SettingsView.swift */; };
		C85EE57224F33F3B00D69E34 /* ArcView.swift in Sources */ = {isa = PBXBuildFile; fileRef = C85EE57124F33F3B00D69E34 /* ArcView.swift */; };
		C85EE57524F3403F00D69E34 /* DrawShape.swift in Sources */ = {isa = PBXBuildFile; fileRef = C85EE57424F3403F00D69E34 /* DrawShape.swift */; };
		C8663BA224FB225D00D28C4B /* Vendor.swift in Sources */ = {isa = PBXBuildFile; fileRef = C8663BA124FB225D00D28C4B /* Vendor.swift */; };
		C8A15659258D1A0B00208A2B /* EntryDB.swift in Sources */ = {isa = PBXBuildFile; fileRef = C8A15658258D1A0B00208A2B /* EntryDB.swift */; };
		C8A1565C258D1B2A00208A2B /* EntryForm.swift in Sources */ = {isa = PBXBuildFile; fileRef = C8A1565B258D1B2A00208A2B /* EntryForm.swift */; };
		C8A1565F258D1DDC00208A2B /* EntryViewModel.swift in Sources */ = {isa = PBXBuildFile; fileRef = C8A1565E258D1DDC00208A2B /* EntryViewModel.swift */; };
		C8A55ABF258A865F00B22F35 /* NumbersOnly.swift in Sources */ = {isa = PBXBuildFile; fileRef = C8A55ABE258A865F00B22F35 /* NumbersOnly.swift */; };
		C8A9CFD1259BA05200CDD3E4 /* VendorViewModel.swift in Sources */ = {isa = PBXBuildFile; fileRef = C8A9CFD0259BA05200CDD3E4 /* VendorViewModel.swift */; };
		C8F34FD5259AE021001465D3 /* AllCategories.swift in Sources */ = {isa = PBXBuildFile; fileRef = C8F34FD4259AE021001465D3 /* AllCategories.swift */; };
		D8DA9A4F8D9D5CC0F7497A9C /* Pods_Budgie_SwiftUI.framework in Frameworks */ = {isa = PBXBuildFile; fileRef = 95D1E10EAA915C5A37233025 /* Pods_Budgie_SwiftUI.framework */; };
/* End PBXBuildFile section */

/* Begin PBXFileReference section */
		95D1E10EAA915C5A37233025 /* Pods_Budgie_SwiftUI.framework */ = {isa = PBXFileReference; explicitFileType = wrapper.framework; includeInIndex = 0; path = Pods_Budgie_SwiftUI.framework; sourceTree = BUILT_PRODUCTS_DIR; };
		C245CECE19F561566EC81AEF /* Pods-Budgie-SwiftUI.debug.xcconfig */ = {isa = PBXFileReference; includeInIndex = 1; lastKnownFileType = text.xcconfig; name = "Pods-Budgie-SwiftUI.debug.xcconfig"; path = "Target Support Files/Pods-Budgie-SwiftUI/Pods-Budgie-SwiftUI.debug.xcconfig"; sourceTree = "<group>"; };
		C8562DFF24F0ABBF008443B5 /* Budgie-SwiftUI.entitlements */ = {isa = PBXFileReference; lastKnownFileType = text.plist.entitlements; path = "Budgie-SwiftUI.entitlements"; sourceTree = "<group>"; };
		C8562E0224F0BDC2008443B5 /* EditView.swift */ = {isa = PBXFileReference; lastKnownFileType = sourcecode.swift; path = EditView.swift; sourceTree = "<group>"; };
		C8562E0424F0BDDD008443B5 /* AddView.swift */ = {isa = PBXFileReference; lastKnownFileType = sourcecode.swift; path = AddView.swift; sourceTree = "<group>"; };
		C8562E0624F0BDFA008443B5 /* SavingView.swift */ = {isa = PBXFileReference; lastKnownFileType = sourcecode.swift; path = SavingView.swift; sourceTree = "<group>"; };
		C8562E0824F0BE15008443B5 /* SpendingView.swift */ = {isa = PBXFileReference; lastKnownFileType = sourcecode.swift; path = SpendingView.swift; sourceTree = "<group>"; };
		C85B3CD3258C2733000D8B6A /* CategoryViewModel.swift */ = {isa = PBXFileReference; lastKnownFileType = sourcecode.swift; path = CategoryViewModel.swift; sourceTree = "<group>"; };
		C85B3CDD258C3202000D8B6A /* CategoryDB.swift */ = {isa = PBXFileReference; lastKnownFileType = sourcecode.swift; path = CategoryDB.swift; sourceTree = "<group>"; };
		C85B3CE0258C33D6000D8B6A /* CategoryForm.swift */ = {isa = PBXFileReference; lastKnownFileType = sourcecode.swift; path = CategoryForm.swift; sourceTree = "<group>"; };
		C85B3CE3258C3DE8000D8B6A /* CategoryList.swift */ = {isa = PBXFileReference; lastKnownFileType = sourcecode.swift; path = CategoryList.swift; sourceTree = "<group>"; };
		C85B3CE7258C5564000D8B6A /* AddCategory.swift */ = {isa = PBXFileReference; lastKnownFileType = sourcecode.swift; path = AddCategory.swift; sourceTree = "<group>"; };
		C85BB9F124EF5D24000DD312 /* Budgie-SwiftUI.app */ = {isa = PBXFileReference; explicitFileType = wrapper.application; includeInIndex = 0; path = "Budgie-SwiftUI.app"; sourceTree = BUILT_PRODUCTS_DIR; };
		C85BB9F424EF5D24000DD312 /* AppDelegate.swift */ = {isa = PBXFileReference; lastKnownFileType = sourcecode.swift; path = AppDelegate.swift; sourceTree = "<group>"; };
		C85BB9F624EF5D24000DD312 /* SceneDelegate.swift */ = {isa = PBXFileReference; lastKnownFileType = sourcecode.swift; path = SceneDelegate.swift; sourceTree = "<group>"; };
		C85BB9FA24EF5D26000DD312 /* Assets.xcassets */ = {isa = PBXFileReference; lastKnownFileType = folder.assetcatalog; path = Assets.xcassets; sourceTree = "<group>"; };
		C85BB9FD24EF5D26000DD312 /* Preview Assets.xcassets */ = {isa = PBXFileReference; lastKnownFileType = folder.assetcatalog; path = "Preview Assets.xcassets"; sourceTree = "<group>"; };
		C85BBA0024EF5D26000DD312 /* Base */ = {isa = PBXFileReference; lastKnownFileType = file.storyboard; name = Base; path = Base.lproj/LaunchScreen.storyboard; sourceTree = "<group>"; };
		C85BBA0224EF5D26000DD312 /* Info.plist */ = {isa = PBXFileReference; lastKnownFileType = text.plist.xml; path = Info.plist; sourceTree = "<group>"; };
		C85BBA0824EF5D86000DD312 /* MainUI.swift */ = {isa = PBXFileReference; fileEncoding = 4; lastKnownFileType = sourcecode.swift; path = MainUI.swift; sourceTree = "<group>"; };
		C85BBA0924EF5D86000DD312 /* SignupView.swift */ = {isa = PBXFileReference; fileEncoding = 4; lastKnownFileType = sourcecode.swift; path = SignupView.swift; sourceTree = "<group>"; };
		C85BBA0A24EF5D86000DD312 /* WelcomeUI.swift */ = {isa = PBXFileReference; fileEncoding = 4; lastKnownFileType = sourcecode.swift; path = WelcomeUI.swift; sourceTree = "<group>"; };
		C85BBA0B24EF5D86000DD312 /* LoginView.swift */ = {isa = PBXFileReference; fileEncoding = 4; lastKnownFileType = sourcecode.swift; path = LoginView.swift; sourceTree = "<group>"; };
		C85BBA1024EF5D93000DD312 /* Bill.swift */ = {isa = PBXFileReference; fileEncoding = 4; lastKnownFileType = sourcecode.swift; path = Bill.swift; sourceTree = "<group>"; };
		C85BBA1124EF5D93000DD312 /* Frequency.swift */ = {isa = PBXFileReference; fileEncoding = 4; lastKnownFileType = sourcecode.swift; path = Frequency.swift; sourceTree = "<group>"; };
		C85BBA1224EF5D93000DD312 /* Category.swift */ = {isa = PBXFileReference; fileEncoding = 4; lastKnownFileType = sourcecode.swift; path = Category.swift; sourceTree = "<group>"; };
		C85BBA1324EF5D93000DD312 /* Entry.swift */ = {isa = PBXFileReference; fileEncoding = 4; lastKnownFileType = sourcecode.swift; path = Entry.swift; sourceTree = "<group>"; };
		C85BBA1824EF5EB0000DD312 /* GoogleService-Info.plist */ = {isa = PBXFileReference; fileEncoding = 4; lastKnownFileType = text.plist.xml; path = "GoogleService-Info.plist"; sourceTree = "<group>"; };
		C85D5B7824F1DCFF008F169A /* SettingsView.swift */ = {isa = PBXFileReference; lastKnownFileType = sourcecode.swift; path = SettingsView.swift; sourceTree = "<group>"; };
		C85EE57124F33F3B00D69E34 /* ArcView.swift */ = {isa = PBXFileReference; lastKnownFileType = sourcecode.swift; path = ArcView.swift; sourceTree = "<group>"; };
		C85EE57424F3403F00D69E34 /* DrawShape.swift */ = {isa = PBXFileReference; lastKnownFileType = sourcecode.swift; path = DrawShape.swift; sourceTree = "<group>"; };
		C8663BA124FB225D00D28C4B /* Vendor.swift */ = {isa = PBXFileReference; lastKnownFileType = sourcecode.swift; path = Vendor.swift; sourceTree = "<group>"; };
		C8A15658258D1A0B00208A2B /* EntryDB.swift */ = {isa = PBXFileReference; lastKnownFileType = sourcecode.swift; path = EntryDB.swift; sourceTree = "<group>"; };
		C8A1565B258D1B2A00208A2B /* EntryForm.swift */ = {isa = PBXFileReference; lastKnownFileType = sourcecode.swift; path = EntryForm.swift; sourceTree = "<group>"; };
		C8A1565E258D1DDC00208A2B /* EntryViewModel.swift */ = {isa = PBXFileReference; lastKnownFileType = sourcecode.swift; path = EntryViewModel.swift; sourceTree = "<group>"; };
		C8A55ABE258A865F00B22F35 /* NumbersOnly.swift */ = {isa = PBXFileReference; lastKnownFileType = sourcecode.swift; path = NumbersOnly.swift; sourceTree = "<group>"; };
		C8A9CFD0259BA05200CDD3E4 /* VendorViewModel.swift */ = {isa = PBXFileReference; lastKnownFileType = sourcecode.swift; path = VendorViewModel.swift; sourceTree = "<group>"; };
		C8F34FD4259AE021001465D3 /* AllCategories.swift */ = {isa = PBXFileReference; lastKnownFileType = sourcecode.swift; path = AllCategories.swift; sourceTree = "<group>"; };
		CA10D6AA228CC836ECB39930 /* Pods-Budgie-SwiftUI.release.xcconfig */ = {isa = PBXFileReference; includeInIndex = 1; lastKnownFileType = text.xcconfig; name = "Pods-Budgie-SwiftUI.release.xcconfig"; path = "Target Support Files/Pods-Budgie-SwiftUI/Pods-Budgie-SwiftUI.release.xcconfig"; sourceTree = "<group>"; };
/* End PBXFileReference section */

/* Begin PBXFrameworksBuildPhase section */
		C85BB9EE24EF5D24000DD312 /* Frameworks */ = {
			isa = PBXFrameworksBuildPhase;
			buildActionMask = 2147483647;
			files = (
				D8DA9A4F8D9D5CC0F7497A9C /* Pods_Budgie_SwiftUI.framework in Frameworks */,
			);
			runOnlyForDeploymentPostprocessing = 0;
		};
/* End PBXFrameworksBuildPhase section */

/* Begin PBXGroup section */
		85229E5CB622AD85C1410241 /* Pods */ = {
			isa = PBXGroup;
			children = (
				C245CECE19F561566EC81AEF /* Pods-Budgie-SwiftUI.debug.xcconfig */,
				CA10D6AA228CC836ECB39930 /* Pods-Budgie-SwiftUI.release.xcconfig */,
			);
			path = Pods;
			sourceTree = "<group>";
		};
		C817838A25896F4900B8F221 /* Data */ = {
			isa = PBXGroup;
			children = (
				C8A15654258D18E500208A2B /* Category */,
				C8A15656258D18F000208A2B /* Entry */,
				C8663BA124FB225D00D28C4B /* Vendor.swift */,
				C85BBA1024EF5D93000DD312 /* Bill.swift */,
				C85BBA1124EF5D93000DD312 /* Frequency.swift */,
			);
			path = Data;
			sourceTree = "<group>";
		};
		C85B3CD6258C2739000D8B6A /* ViewModels */ = {
			isa = PBXGroup;
			children = (
				C85B3CD3258C2733000D8B6A /* CategoryViewModel.swift */,
				C8A9CFD0259BA05200CDD3E4 /* VendorViewModel.swift */,
				C8A1565E258D1DDC00208A2B /* EntryViewModel.swift */,
			);
			path = ViewModels;
			sourceTree = "<group>";
		};
		C85B3CEA258C5A4F000D8B6A /* Edit */ = {
			isa = PBXGroup;
			children = (
				C8562E0224F0BDC2008443B5 /* EditView.swift */,
				C8A9CFCB259BA00200CDD3E4 /* Categories */,
			);
			path = Edit;
			sourceTree = "<group>";
		};
		C85BB9E824EF5D24000DD312 = {
			isa = PBXGroup;
			children = (
				C85BB9F324EF5D24000DD312 /* Budgie-SwiftUI */,
				C85BB9F224EF5D24000DD312 /* Products */,
				C85BBA1A24EF5F83000DD312 /* Model */,
				C817838A25896F4900B8F221 /* Data */,
				C85BBA1B24EF5F95000DD312 /* Views */,
				C85BBA1824EF5EB0000DD312 /* GoogleService-Info.plist */,
				85229E5CB622AD85C1410241 /* Pods */,
				F95A68E87678854A18CCAEED /* Frameworks */,
			);
			sourceTree = "<group>";
		};
		C85BB9F224EF5D24000DD312 /* Products */ = {
			isa = PBXGroup;
			children = (
				C85BB9F124EF5D24000DD312 /* Budgie-SwiftUI.app */,
			);
			name = Products;
			sourceTree = "<group>";
		};
		C85BB9F324EF5D24000DD312 /* Budgie-SwiftUI */ = {
			isa = PBXGroup;
			children = (
				C8562DFF24F0ABBF008443B5 /* Budgie-SwiftUI.entitlements */,
				C85BB9F424EF5D24000DD312 /* AppDelegate.swift */,
				C85BB9F624EF5D24000DD312 /* SceneDelegate.swift */,
				C85BB9FA24EF5D26000DD312 /* Assets.xcassets */,
				C85BB9FF24EF5D26000DD312 /* LaunchScreen.storyboard */,
				C85BBA0224EF5D26000DD312 /* Info.plist */,
				C85BB9FC24EF5D26000DD312 /* Preview Content */,
			);
			path = "Budgie-SwiftUI";
			sourceTree = "<group>";
		};
		C85BB9FC24EF5D26000DD312 /* Preview Content */ = {
			isa = PBXGroup;
			children = (
				C85BB9FD24EF5D26000DD312 /* Preview Assets.xcassets */,
			);
			path = "Preview Content";
			sourceTree = "<group>";
		};
		C85BBA1A24EF5F83000DD312 /* Model */ = {
			isa = PBXGroup;
			children = (
				C8A55ABE258A865F00B22F35 /* NumbersOnly.swift */,
			);
			name = Model;
			sourceTree = "<group>";
		};
		C85BBA1B24EF5F95000DD312 /* Views */ = {
			isa = PBXGroup;
			children = (
				C8E3DBA124FBF8C1003FDF34 /* Welcome */,
				C8E3DBA224FBF8CB003FDF34 /* Main */,
				C85EE57324F3402800D69E34 /* Graphs */,
				C85B3CD6258C2739000D8B6A /* ViewModels */,
			);
			name = Views;
			sourceTree = "<group>";
		};
		C85EE57324F3402800D69E34 /* Graphs */ = {
			isa = PBXGroup;
			children = (
				C85EE57124F33F3B00D69E34 /* ArcView.swift */,
				C85EE57424F3403F00D69E34 /* DrawShape.swift */,
			);
			path = Graphs;
			sourceTree = "<group>";
		};
		C8A15654258D18E500208A2B /* Category */ = {
			isa = PBXGroup;
			children = (
				C85BBA1224EF5D93000DD312 /* Category.swift */,
				C85B3CDD258C3202000D8B6A /* CategoryDB.swift */,
				C85B3CE0258C33D6000D8B6A /* CategoryForm.swift */,
				C8F34FD4259AE021001465D3 /* AllCategories.swift */,
			);
			path = Category;
			sourceTree = "<group>";
		};
		C8A15656258D18F000208A2B /* Entry */ = {
			isa = PBXGroup;
			children = (
				C85BBA1324EF5D93000DD312 /* Entry.swift */,
				C8A15658258D1A0B00208A2B /* EntryDB.swift */,
				C8A1565B258D1B2A00208A2B /* EntryForm.swift */,
			);
			path = Entry;
			sourceTree = "<group>";
		};
		C8A9CFCB259BA00200CDD3E4 /* Categories */ = {
			isa = PBXGroup;
			children = (
				C85B3CE3258C3DE8000D8B6A /* CategoryList.swift */,
				C85B3CE7258C5564000D8B6A /* AddCategory.swift */,
			);
			path = Categories;
			sourceTree = "<group>";
		};
		C8E3DBA124FBF8C1003FDF34 /* Welcome */ = {
			isa = PBXGroup;
			children = (
				C85BBA0A24EF5D86000DD312 /* WelcomeUI.swift */,
				C85BBA0924EF5D86000DD312 /* SignupView.swift */,
				C85BBA0B24EF5D86000DD312 /* LoginView.swift */,
			);
			path = Welcome;
			sourceTree = "<group>";
		};
		C8E3DBA224FBF8CB003FDF34 /* Main */ = {
			isa = PBXGroup;
			children = (
				C85BBA0824EF5D86000DD312 /* MainUI.swift */,
				C8562E0824F0BE15008443B5 /* SpendingView.swift */,
				C8562E0624F0BDFA008443B5 /* SavingView.swift */,
				C8562E0424F0BDDD008443B5 /* AddView.swift */,
				C85B3CEA258C5A4F000D8B6A /* Edit */,
				C85D5B7824F1DCFF008F169A /* SettingsView.swift */,
			);
			path = Main;
			sourceTree = "<group>";
		};
		F95A68E87678854A18CCAEED /* Frameworks */ = {
			isa = PBXGroup;
			children = (
				95D1E10EAA915C5A37233025 /* Pods_Budgie_SwiftUI.framework */,
			);
			name = Frameworks;
			sourceTree = "<group>";
		};
/* End PBXGroup section */

/* Begin PBXNativeTarget section */
		C85BB9F024EF5D24000DD312 /* Budgie-SwiftUI */ = {
			isa = PBXNativeTarget;
			buildConfigurationList = C85BBA0524EF5D26000DD312 /* Build configuration list for PBXNativeTarget "Budgie-SwiftUI" */;
			buildPhases = (
				40C39E4DA27DC73AC4A9A729 /* [CP] Check Pods Manifest.lock */,
				C85BB9ED24EF5D24000DD312 /* Sources */,
				C85BB9EE24EF5D24000DD312 /* Frameworks */,
				C85BB9EF24EF5D24000DD312 /* Resources */,
				DF4F513E09D8E0D790A37D55 /* [CP] Embed Pods Frameworks */,
			);
			buildRules = (
			);
			dependencies = (
			);
			name = "Budgie-SwiftUI";
			packageProductDependencies = (
			);
			productName = "Budgie-SwiftUI";
			productReference = C85BB9F124EF5D24000DD312 /* Budgie-SwiftUI.app */;
			productType = "com.apple.product-type.application";
		};
/* End PBXNativeTarget section */

/* Begin PBXProject section */
		C85BB9E924EF5D24000DD312 /* Project object */ = {
			isa = PBXProject;
			attributes = {
				LastSwiftUpdateCheck = 1160;
				LastUpgradeCheck = 1220;
				ORGANIZATIONNAME = "Daniel Funk";
				TargetAttributes = {
					C85BB9F024EF5D24000DD312 = {
						CreatedOnToolsVersion = 11.6;
					};
				};
			};
			buildConfigurationList = C85BB9EC24EF5D24000DD312 /* Build configuration list for PBXProject "Budgie-SwiftUI" */;
			compatibilityVersion = "Xcode 9.3";
			developmentRegion = en;
			hasScannedForEncodings = 0;
			knownRegions = (
				en,
				Base,
			);
			mainGroup = C85BB9E824EF5D24000DD312;
			packageReferences = (
			);
			productRefGroup = C85BB9F224EF5D24000DD312 /* Products */;
			projectDirPath = "";
			projectRoot = "";
			targets = (
				C85BB9F024EF5D24000DD312 /* Budgie-SwiftUI */,
			);
		};
/* End PBXProject section */

/* Begin PBXResourcesBuildPhase section */
		C85BB9EF24EF5D24000DD312 /* Resources */ = {
			isa = PBXResourcesBuildPhase;
			buildActionMask = 2147483647;
			files = (
				C85BBA0124EF5D26000DD312 /* LaunchScreen.storyboard in Resources */,
				C85BBA1924EF5EB0000DD312 /* GoogleService-Info.plist in Resources */,
				C85BB9FE24EF5D26000DD312 /* Preview Assets.xcassets in Resources */,
				C85BB9FB24EF5D26000DD312 /* Assets.xcassets in Resources */,
			);
			runOnlyForDeploymentPostprocessing = 0;
		};
/* End PBXResourcesBuildPhase section */

/* Begin PBXShellScriptBuildPhase section */
		40C39E4DA27DC73AC4A9A729 /* [CP] Check Pods Manifest.lock */ = {
			isa = PBXShellScriptBuildPhase;
			buildActionMask = 2147483647;
			files = (
			);
			inputFileListPaths = (
			);
			inputPaths = (
				"${PODS_PODFILE_DIR_PATH}/Podfile.lock",
				"${PODS_ROOT}/Manifest.lock",
			);
			name = "[CP] Check Pods Manifest.lock";
			outputFileListPaths = (
			);
			outputPaths = (
				"$(DERIVED_FILE_DIR)/Pods-Budgie-SwiftUI-checkManifestLockResult.txt",
			);
			runOnlyForDeploymentPostprocessing = 0;
			shellPath = /bin/sh;
			shellScript = "diff \"${PODS_PODFILE_DIR_PATH}/Podfile.lock\" \"${PODS_ROOT}/Manifest.lock\" > /dev/null\nif [ $? != 0 ] ; then\n    # print error to STDERR\n    echo \"error: The sandbox is not in sync with the Podfile.lock. Run 'pod install' or update your CocoaPods installation.\" >&2\n    exit 1\nfi\n# This output is used by Xcode 'outputs' to avoid re-running this script phase.\necho \"SUCCESS\" > \"${SCRIPT_OUTPUT_FILE_0}\"\n";
			showEnvVarsInLog = 0;
		};
		DF4F513E09D8E0D790A37D55 /* [CP] Embed Pods Frameworks */ = {
			isa = PBXShellScriptBuildPhase;
			buildActionMask = 2147483647;
			files = (
			);
			inputFileListPaths = (
				"${PODS_ROOT}/Target Support Files/Pods-Budgie-SwiftUI/Pods-Budgie-SwiftUI-frameworks-${CONFIGURATION}-input-files.xcfilelist",
			);
			name = "[CP] Embed Pods Frameworks";
			outputFileListPaths = (
				"${PODS_ROOT}/Target Support Files/Pods-Budgie-SwiftUI/Pods-Budgie-SwiftUI-frameworks-${CONFIGURATION}-output-files.xcfilelist",
			);
			runOnlyForDeploymentPostprocessing = 0;
			shellPath = /bin/sh;
			shellScript = "\"${PODS_ROOT}/Target Support Files/Pods-Budgie-SwiftUI/Pods-Budgie-SwiftUI-frameworks.sh\"\n";
			showEnvVarsInLog = 0;
		};
/* End PBXShellScriptBuildPhase section */

/* Begin PBXSourcesBuildPhase section */
		C85BB9ED24EF5D24000DD312 /* Sources */ = {
			isa = PBXSourcesBuildPhase;
			buildActionMask = 2147483647;
			files = (
				C8562E0724F0BDFA008443B5 /* SavingView.swift in Sources */,
				C8A55ABF258A865F00B22F35 /* NumbersOnly.swift in Sources */,
				C8A9CFD1259BA05200CDD3E4 /* VendorViewModel.swift in Sources */,
				C8562E0524F0BDDD008443B5 /* AddView.swift in Sources */,
				C85BBA1424EF5D93000DD312 /* Bill.swift in Sources */,
				C85BBA1624EF5D93000DD312 /* Category.swift in Sources */,
				C85B3CE1258C33D6000D8B6A /* CategoryForm.swift in Sources */,
				C8A15659258D1A0B00208A2B /* EntryDB.swift in Sources */,
				C85B3CDE258C3202000D8B6A /* CategoryDB.swift in Sources */,
				C8562E0324F0BDC2008443B5 /* EditView.swift in Sources */,
				C85B3CD4258C2733000D8B6A /* CategoryViewModel.swift in Sources */,
				C85BB9F524EF5D24000DD312 /* AppDelegate.swift in Sources */,
				C85BBA0F24EF5D86000DD312 /* LoginView.swift in Sources */,
				C8A1565C258D1B2A00208A2B /* EntryForm.swift in Sources */,
				C85B3CE8258C5564000D8B6A /* AddCategory.swift in Sources */,
				C85BB9F724EF5D24000DD312 /* SceneDelegate.swift in Sources */,
				C85D5B7924F1DCFF008F169A /* SettingsView.swift in Sources */,
				C8A1565F258D1DDC00208A2B /* EntryViewModel.swift in Sources */,
				C8663BA224FB225D00D28C4B /* Vendor.swift in Sources */,
				C85EE57224F33F3B00D69E34 /* ArcView.swift in Sources */,
				C85EE57524F3403F00D69E34 /* DrawShape.swift in Sources */,
				C85BBA0E24EF5D86000DD312 /* WelcomeUI.swift in Sources */,
				C85BBA1724EF5D93000DD312 /* Entry.swift in Sources */,
				C8562E0924F0BE15008443B5 /* SpendingView.swift in Sources */,
				C85BBA1524EF5D93000DD312 /* Frequency.swift in Sources */,
				C85BBA0D24EF5D86000DD312 /* SignupView.swift in Sources */,
				C8F34FD5259AE021001465D3 /* AllCategories.swift in Sources */,
				C85BBA0C24EF5D86000DD312 /* MainUI.swift in Sources */,
				C85B3CE4258C3DE8000D8B6A /* CategoryList.swift in Sources */,
			);
			runOnlyForDeploymentPostprocessing = 0;
		};
/* End PBXSourcesBuildPhase section */

/* Begin PBXVariantGroup section */
		C85BB9FF24EF5D26000DD312 /* LaunchScreen.storyboard */ = {
			isa = PBXVariantGroup;
			children = (
				C85BBA0024EF5D26000DD312 /* Base */,
			);
			name = LaunchScreen.storyboard;
			sourceTree = "<group>";
		};
/* End PBXVariantGroup section */

/* Begin XCBuildConfiguration section */
		C85BBA0324EF5D26000DD312 /* Debug */ = {
			isa = XCBuildConfiguration;
			buildSettings = {
				ALWAYS_SEARCH_USER_PATHS = NO;
				CLANG_ANALYZER_NONNULL = YES;
				CLANG_ANALYZER_NUMBER_OBJECT_CONVERSION = YES_AGGRESSIVE;
				CLANG_CXX_LANGUAGE_STANDARD = "gnu++14";
				CLANG_CXX_LIBRARY = "libc++";
				CLANG_ENABLE_MODULES = YES;
				CLANG_ENABLE_OBJC_ARC = YES;
				CLANG_ENABLE_OBJC_WEAK = YES;
				CLANG_WARN_BLOCK_CAPTURE_AUTORELEASING = YES;
				CLANG_WARN_BOOL_CONVERSION = YES;
				CLANG_WARN_COMMA = YES;
				CLANG_WARN_CONSTANT_CONVERSION = YES;
				CLANG_WARN_DEPRECATED_OBJC_IMPLEMENTATIONS = YES;
				CLANG_WARN_DIRECT_OBJC_ISA_USAGE = YES_ERROR;
				CLANG_WARN_DOCUMENTATION_COMMENTS = YES;
				CLANG_WARN_EMPTY_BODY = YES;
				CLANG_WARN_ENUM_CONVERSION = YES;
				CLANG_WARN_INFINITE_RECURSION = YES;
				CLANG_WARN_INT_CONVERSION = YES;
				CLANG_WARN_NON_LITERAL_NULL_CONVERSION = YES;
				CLANG_WARN_OBJC_IMPLICIT_RETAIN_SELF = YES;
				CLANG_WARN_OBJC_LITERAL_CONVERSION = YES;
				CLANG_WARN_OBJC_ROOT_CLASS = YES_ERROR;
				CLANG_WARN_QUOTED_INCLUDE_IN_FRAMEWORK_HEADER = YES;
				CLANG_WARN_RANGE_LOOP_ANALYSIS = YES;
				CLANG_WARN_STRICT_PROTOTYPES = YES;
				CLANG_WARN_SUSPICIOUS_MOVE = YES;
				CLANG_WARN_UNGUARDED_AVAILABILITY = YES_AGGRESSIVE;
				CLANG_WARN_UNREACHABLE_CODE = YES;
				CLANG_WARN__DUPLICATE_METHOD_MATCH = YES;
				COPY_PHASE_STRIP = NO;
				DEBUG_INFORMATION_FORMAT = dwarf;
				ENABLE_STRICT_OBJC_MSGSEND = YES;
				ENABLE_TESTABILITY = YES;
				GCC_C_LANGUAGE_STANDARD = gnu11;
				GCC_DYNAMIC_NO_PIC = NO;
				GCC_NO_COMMON_BLOCKS = YES;
				GCC_OPTIMIZATION_LEVEL = 0;
				GCC_PREPROCESSOR_DEFINITIONS = (
					"DEBUG=1",
					"$(inherited)",
				);
				GCC_WARN_64_TO_32_BIT_CONVERSION = YES;
				GCC_WARN_ABOUT_RETURN_TYPE = YES_ERROR;
				GCC_WARN_UNDECLARED_SELECTOR = YES;
				GCC_WARN_UNINITIALIZED_AUTOS = YES_AGGRESSIVE;
				GCC_WARN_UNUSED_FUNCTION = YES;
				GCC_WARN_UNUSED_VARIABLE = YES;
				IPHONEOS_DEPLOYMENT_TARGET = 13.6;
				MTL_ENABLE_DEBUG_INFO = INCLUDE_SOURCE;
				MTL_FAST_MATH = YES;
				ONLY_ACTIVE_ARCH = YES;
				SDKROOT = iphoneos;
				SWIFT_ACTIVE_COMPILATION_CONDITIONS = DEBUG;
				SWIFT_OPTIMIZATION_LEVEL = "-Onone";
			};
			name = Debug;
		};
		C85BBA0424EF5D26000DD312 /* Release */ = {
			isa = XCBuildConfiguration;
			buildSettings = {
				ALWAYS_SEARCH_USER_PATHS = NO;
				CLANG_ANALYZER_NONNULL = YES;
				CLANG_ANALYZER_NUMBER_OBJECT_CONVERSION = YES_AGGRESSIVE;
				CLANG_CXX_LANGUAGE_STANDARD = "gnu++14";
				CLANG_CXX_LIBRARY = "libc++";
				CLANG_ENABLE_MODULES = YES;
				CLANG_ENABLE_OBJC_ARC = YES;
				CLANG_ENABLE_OBJC_WEAK = YES;
				CLANG_WARN_BLOCK_CAPTURE_AUTORELEASING = YES;
				CLANG_WARN_BOOL_CONVERSION = YES;
				CLANG_WARN_COMMA = YES;
				CLANG_WARN_CONSTANT_CONVERSION = YES;
				CLANG_WARN_DEPRECATED_OBJC_IMPLEMENTATIONS = YES;
				CLANG_WARN_DIRECT_OBJC_ISA_USAGE = YES_ERROR;
				CLANG_WARN_DOCUMENTATION_COMMENTS = YES;
				CLANG_WARN_EMPTY_BODY = YES;
				CLANG_WARN_ENUM_CONVERSION = YES;
				CLANG_WARN_INFINITE_RECURSION = YES;
				CLANG_WARN_INT_CONVERSION = YES;
				CLANG_WARN_NON_LITERAL_NULL_CONVERSION = YES;
				CLANG_WARN_OBJC_IMPLICIT_RETAIN_SELF = YES;
				CLANG_WARN_OBJC_LITERAL_CONVERSION = YES;
				CLANG_WARN_OBJC_ROOT_CLASS = YES_ERROR;
				CLANG_WARN_QUOTED_INCLUDE_IN_FRAMEWORK_HEADER = YES;
				CLANG_WARN_RANGE_LOOP_ANALYSIS = YES;
				CLANG_WARN_STRICT_PROTOTYPES = YES;
				CLANG_WARN_SUSPICIOUS_MOVE = YES;
				CLANG_WARN_UNGUARDED_AVAILABILITY = YES_AGGRESSIVE;
				CLANG_WARN_UNREACHABLE_CODE = YES;
				CLANG_WARN__DUPLICATE_METHOD_MATCH = YES;
				COPY_PHASE_STRIP = NO;
				DEBUG_INFORMATION_FORMAT = "dwarf-with-dsym";
				ENABLE_NS_ASSERTIONS = NO;
				ENABLE_STRICT_OBJC_MSGSEND = YES;
				GCC_C_LANGUAGE_STANDARD = gnu11;
				GCC_NO_COMMON_BLOCKS = YES;
				GCC_WARN_64_TO_32_BIT_CONVERSION = YES;
				GCC_WARN_ABOUT_RETURN_TYPE = YES_ERROR;
				GCC_WARN_UNDECLARED_SELECTOR = YES;
				GCC_WARN_UNINITIALIZED_AUTOS = YES_AGGRESSIVE;
				GCC_WARN_UNUSED_FUNCTION = YES;
				GCC_WARN_UNUSED_VARIABLE = YES;
				IPHONEOS_DEPLOYMENT_TARGET = 13.6;
				MTL_ENABLE_DEBUG_INFO = NO;
				MTL_FAST_MATH = YES;
				SDKROOT = iphoneos;
				SWIFT_COMPILATION_MODE = wholemodule;
				SWIFT_OPTIMIZATION_LEVEL = "-O";
				VALIDATE_PRODUCT = YES;
			};
			name = Release;
		};
		C85BBA0624EF5D26000DD312 /* Debug */ = {
			isa = XCBuildConfiguration;
			baseConfigurationReference = C245CECE19F561566EC81AEF /* Pods-Budgie-SwiftUI.debug.xcconfig */;
			buildSettings = {
				ASSETCATALOG_COMPILER_APPICON_NAME = AppIcon;
				CODE_SIGN_ENTITLEMENTS = "Budgie-SwiftUI/Budgie-SwiftUI.entitlements";
				CODE_SIGN_STYLE = Automatic;
				DEVELOPMENT_ASSET_PATHS = "\"Budgie-SwiftUI/Preview Content\"";
				DEVELOPMENT_TEAM = MMVMP38QPK;
				ENABLE_PREVIEWS = YES;
				GCC_NO_COMMON_BLOCKS = YES;
				INFOPLIST_FILE = "Budgie-SwiftUI/Info.plist";
				IPHONEOS_DEPLOYMENT_TARGET = 14.2;
				LD_RUNPATH_SEARCH_PATHS = (
					"$(inherited)",
					"@executable_path/Frameworks",
				);
				OTHER_LDFLAGS = (
					"$(OTHER_LDFLAGS)",
					"-ObjC",
				);
				PRODUCT_BUNDLE_IDENTIFIER = "com.danielfunk.Budgie-SwiftUI";
				PRODUCT_NAME = "$(TARGET_NAME)";
				SUPPORTS_MACCATALYST = NO;
				SWIFT_VERSION = 5.0;
				TARGETED_DEVICE_FAMILY = "1,2";
			};
			name = Debug;
		};
		C85BBA0724EF5D26000DD312 /* Release */ = {
			isa = XCBuildConfiguration;
			baseConfigurationReference = CA10D6AA228CC836ECB39930 /* Pods-Budgie-SwiftUI.release.xcconfig */;
			buildSettings = {
				ASSETCATALOG_COMPILER_APPICON_NAME = AppIcon;
				CODE_SIGN_ENTITLEMENTS = "Budgie-SwiftUI/Budgie-SwiftUI.entitlements";
				CODE_SIGN_STYLE = Automatic;
				DEVELOPMENT_ASSET_PATHS = "\"Budgie-SwiftUI/Preview Content\"";
				DEVELOPMENT_TEAM = MMVMP38QPK;
				ENABLE_PREVIEWS = YES;
				GCC_NO_COMMON_BLOCKS = YES;
				INFOPLIST_FILE = "Budgie-SwiftUI/Info.plist";
				IPHONEOS_DEPLOYMENT_TARGET = 14.2;
				LD_RUNPATH_SEARCH_PATHS = (
					"$(inherited)",
					"@executable_path/Frameworks",
				);
				OTHER_LDFLAGS = (
					"$(OTHER_LDFLAGS)",
					"-ObjC",
				);
				PRODUCT_BUNDLE_IDENTIFIER = "com.danielfunk.Budgie-SwiftUI";
				PRODUCT_NAME = "$(TARGET_NAME)";
				SUPPORTS_MACCATALYST = NO;
				SWIFT_VERSION = 5.0;
				TARGETED_DEVICE_FAMILY = "1,2";
			};
			name = Release;
		};
/* End XCBuildConfiguration section */

/* Begin XCConfigurationList section */
		C85BB9EC24EF5D24000DD312 /* Build configuration list for PBXProject "Budgie-SwiftUI" */ = {
			isa = XCConfigurationList;
			buildConfigurations = (
				C85BBA0324EF5D26000DD312 /* Debug */,
				C85BBA0424EF5D26000DD312 /* Release */,
			);
			defaultConfigurationIsVisible = 0;
			defaultConfigurationName = Release;
		};
		C85BBA0524EF5D26000DD312 /* Build configuration list for PBXNativeTarget "Budgie-SwiftUI" */ = {
			isa = XCConfigurationList;
			buildConfigurations = (
				C85BBA0624EF5D26000DD312 /* Debug */,
				C85BBA0724EF5D26000DD312 /* Release */,
			);
			defaultConfigurationIsVisible = 0;
			defaultConfigurationName = Release;
		};
/* End XCConfigurationList section */
	};
	rootObject = C85BB9E924EF5D24000DD312 /* Project object */;
}
